// !$*UTF8*$!
{
	archiveVersion = 1;
	classes = {
	};
	objectVersion = 56;
	objects = {

/* Begin PBXBuildFile section */
		4497A27A2BDF3150009167EC /* DoughriseApp.swift in Sources */ = {isa = PBXBuildFile; fileRef = 4497A2792BDF3150009167EC /* DoughriseApp.swift */; };
		4497A27C2BDF3150009167EC /* ContentView.swift in Sources */ = {isa = PBXBuildFile; fileRef = 4497A27B2BDF3150009167EC /* ContentView.swift */; };
		4497A27E2BDF3151009167EC /* Assets.xcassets in Resources */ = {isa = PBXBuildFile; fileRef = 4497A27D2BDF3151009167EC /* Assets.xcassets */; };
		4497A2812BDF3151009167EC /* Preview Assets.xcassets in Resources */ = {isa = PBXBuildFile; fileRef = 4497A2802BDF3151009167EC /* Preview Assets.xcassets */; };
		4497A2882BE07A6D009167EC /* HomeView.swift in Sources */ = {isa = PBXBuildFile; fileRef = 4497A2872BE07A6D009167EC /* HomeView.swift */; };
		4497A28A2BE0AC37009167EC /* Avenir Next.ttc in Resources */ = {isa = PBXBuildFile; fileRef = 4497A2892BE0AC37009167EC /* Avenir Next.ttc */; };
		4497A28D2BE0AFF3009167EC /* FontStyles.swift in Sources */ = {isa = PBXBuildFile; fileRef = 4497A28C2BE0AFF3009167EC /* FontStyles.swift */; };
		4497A28F2BE0DEC0009167EC /* DetailView.swift in Sources */ = {isa = PBXBuildFile; fileRef = 4497A28E2BE0DEC0009167EC /* DetailView.swift */; };
		4497A2912BE0F4E8009167EC /* CellView.swift in Sources */ = {isa = PBXBuildFile; fileRef = 4497A2902BE0F4E8009167EC /* CellView.swift */; };
		4497A2932BE0FCFE009167EC /* Model.swift in Sources */ = {isa = PBXBuildFile; fileRef = 4497A2922BE0FCFE009167EC /* Model.swift */; };
		4497A2972BE1AE6C009167EC /* GoogleService-Info.plist in Resources */ = {isa = PBXBuildFile; fileRef = 4497A2962BE1AE6C009167EC /* GoogleService-Info.plist */; };
		4497A29A2BE1AF4A009167EC /* FirebaseFirestore in Frameworks */ = {isa = PBXBuildFile; productRef = 4497A2992BE1AF4A009167EC /* FirebaseFirestore */; };
		4497A29C2BE1AF4A009167EC /* FirebaseFirestoreSwift in Frameworks */ = {isa = PBXBuildFile; productRef = 4497A29B2BE1AF4A009167EC /* FirebaseFirestoreSwift */; };
		4497A29E2BE1AF4A009167EC /* FirebaseStorage in Frameworks */ = {isa = PBXBuildFile; productRef = 4497A29D2BE1AF4A009167EC /* FirebaseStorage */; };
		4497A2A02BE1C362009167EC /* DatabaseManager.swift in Sources */ = {isa = PBXBuildFile; fileRef = 4497A29F2BE1C362009167EC /* DatabaseManager.swift */; };
		4497A2A22BE1CBAE009167EC /* DetailViewViewModel.swift in Sources */ = {isa = PBXBuildFile; fileRef = 4497A2A12BE1CBAE009167EC /* DetailViewViewModel.swift */; };
		4497A2A42BE1D6DF009167EC /* ColorDic.swift in Sources */ = {isa = PBXBuildFile; fileRef = 4497A2A32BE1D6DF009167EC /* ColorDic.swift */; };
		4497A2A62BE1FBB8009167EC /* AddExpenseView.swift in Sources */ = {isa = PBXBuildFile; fileRef = 4497A2A52BE1FBB8009167EC /* AddExpenseView.swift */; };
/* End PBXBuildFile section */

/* Begin PBXFileReference section */
		4497A2762BDF3150009167EC /* Doughrise.app */ = {isa = PBXFileReference; explicitFileType = wrapper.application; includeInIndex = 0; path = Doughrise.app; sourceTree = BUILT_PRODUCTS_DIR; };
		4497A2792BDF3150009167EC /* DoughriseApp.swift */ = {isa = PBXFileReference; lastKnownFileType = sourcecode.swift; path = DoughriseApp.swift; sourceTree = "<group>"; };
		4497A27B2BDF3150009167EC /* ContentView.swift */ = {isa = PBXFileReference; lastKnownFileType = sourcecode.swift; path = ContentView.swift; sourceTree = "<group>"; };
		4497A27D2BDF3151009167EC /* Assets.xcassets */ = {isa = PBXFileReference; lastKnownFileType = folder.assetcatalog; path = Assets.xcassets; sourceTree = "<group>"; };
		4497A2802BDF3151009167EC /* Preview Assets.xcassets */ = {isa = PBXFileReference; lastKnownFileType = folder.assetcatalog; path = "Preview Assets.xcassets"; sourceTree = "<group>"; };
		4497A2872BE07A6D009167EC /* HomeView.swift */ = {isa = PBXFileReference; lastKnownFileType = sourcecode.swift; path = HomeView.swift; sourceTree = "<group>"; };
		4497A2892BE0AC37009167EC /* Avenir Next.ttc */ = {isa = PBXFileReference; lastKnownFileType = file; path = "Avenir Next.ttc"; sourceTree = "<group>"; };
		4497A28B2BE0ADAB009167EC /* Info.plist */ = {isa = PBXFileReference; lastKnownFileType = text.plist; path = Info.plist; sourceTree = "<group>"; };
		4497A28C2BE0AFF3009167EC /* FontStyles.swift */ = {isa = PBXFileReference; lastKnownFileType = sourcecode.swift; path = FontStyles.swift; sourceTree = "<group>"; };
		4497A28E2BE0DEC0009167EC /* DetailView.swift */ = {isa = PBXFileReference; lastKnownFileType = sourcecode.swift; path = DetailView.swift; sourceTree = "<group>"; };
		4497A2902BE0F4E8009167EC /* CellView.swift */ = {isa = PBXFileReference; lastKnownFileType = sourcecode.swift; path = CellView.swift; sourceTree = "<group>"; };
		4497A2922BE0FCFE009167EC /* Model.swift */ = {isa = PBXFileReference; lastKnownFileType = sourcecode.swift; path = Model.swift; sourceTree = "<group>"; };
		4497A2962BE1AE6C009167EC /* GoogleService-Info.plist */ = {isa = PBXFileReference; fileEncoding = 4; lastKnownFileType = text.plist.xml; path = "GoogleService-Info.plist"; sourceTree = "<group>"; };
		4497A29F2BE1C362009167EC /* DatabaseManager.swift */ = {isa = PBXFileReference; lastKnownFileType = sourcecode.swift; path = DatabaseManager.swift; sourceTree = "<group>"; };
		4497A2A12BE1CBAE009167EC /* DetailViewViewModel.swift */ = {isa = PBXFileReference; lastKnownFileType = sourcecode.swift; path = DetailViewViewModel.swift; sourceTree = "<group>"; };
		4497A2A32BE1D6DF009167EC /* ColorDic.swift */ = {isa = PBXFileReference; lastKnownFileType = sourcecode.swift; path = ColorDic.swift; sourceTree = "<group>"; };
		4497A2A52BE1FBB8009167EC /* AddExpenseView.swift */ = {isa = PBXFileReference; lastKnownFileType = sourcecode.swift; path = AddExpenseView.swift; sourceTree = "<group>"; };
/* End PBXFileReference section */

/* Begin PBXFrameworksBuildPhase section */
		4497A2732BDF3150009167EC /* Frameworks */ = {
			isa = PBXFrameworksBuildPhase;
			buildActionMask = 2147483647;
			files = (
				4497A29A2BE1AF4A009167EC /* FirebaseFirestore in Frameworks */,
				4497A29C2BE1AF4A009167EC /* FirebaseFirestoreSwift in Frameworks */,
				4497A29E2BE1AF4A009167EC /* FirebaseStorage in Frameworks */,
			);
			runOnlyForDeploymentPostprocessing = 0;
		};
/* End PBXFrameworksBuildPhase section */

/* Begin PBXGroup section */
		4497A26D2BDF3150009167EC = {
			isa = PBXGroup;
			children = (
				4497A2782BDF3150009167EC /* Doughrise */,
				4497A2772BDF3150009167EC /* Products */,
			);
			sourceTree = "<group>";
		};
		4497A2772BDF3150009167EC /* Products */ = {
			isa = PBXGroup;
			children = (
				4497A2762BDF3150009167EC /* Doughrise.app */,
			);
			name = Products;
			sourceTree = "<group>";
		};
		4497A2782BDF3150009167EC /* Doughrise */ = {
			isa = PBXGroup;
			children = (
				4497A2A92BE20A86009167EC /* ViewModel */,
				4497A2A82BE20A7A009167EC /* Model */,
				4497A2A72BE20A5C009167EC /* View */,
				4497A29F2BE1C362009167EC /* DatabaseManager.swift */,
				4497A2792BDF3150009167EC /* DoughriseApp.swift */,
				4497A2A32BE1D6DF009167EC /* ColorDic.swift */,
				4497A28C2BE0AFF3009167EC /* FontStyles.swift */,
				4497A2962BE1AE6C009167EC /* GoogleService-Info.plist */,
				4497A28B2BE0ADAB009167EC /* Info.plist */,
				4497A27D2BDF3151009167EC /* Assets.xcassets */,
				4497A2892BE0AC37009167EC /* Avenir Next.ttc */,
				4497A27F2BDF3151009167EC /* Preview Content */,
			);
			path = Doughrise;
			sourceTree = "<group>";
		};
		4497A27F2BDF3151009167EC /* Preview Content */ = {
			isa = PBXGroup;
			children = (
				4497A2802BDF3151009167EC /* Preview Assets.xcassets */,
			);
			path = "Preview Content";
			sourceTree = "<group>";
		};
		4497A2A72BE20A5C009167EC /* View */ = {
			isa = PBXGroup;
			children = (
				4497A27B2BDF3150009167EC /* ContentView.swift */,
				4497A28E2BE0DEC0009167EC /* DetailView.swift */,
				4497A2902BE0F4E8009167EC /* CellView.swift */,
				4497A2A52BE1FBB8009167EC /* AddExpenseView.swift */,
				4497A2872BE07A6D009167EC /* HomeView.swift */,
			);
			path = View;
			sourceTree = "<group>";
		};
		4497A2A82BE20A7A009167EC /* Model */ = {
			isa = PBXGroup;
			children = (
				4497A2922BE0FCFE009167EC /* Model.swift */,
			);
			path = Model;
			sourceTree = "<group>";
		};
		4497A2A92BE20A86009167EC /* ViewModel */ = {
			isa = PBXGroup;
			children = (
				4497A2A12BE1CBAE009167EC /* DetailViewViewModel.swift */,
			);
			path = ViewModel;
			sourceTree = "<group>";
		};
/* End PBXGroup section */

/* Begin PBXNativeTarget section */
		4497A2752BDF3150009167EC /* Doughrise */ = {
			isa = PBXNativeTarget;
			buildConfigurationList = 4497A2842BDF3151009167EC /* Build configuration list for PBXNativeTarget "Doughrise" */;
			buildPhases = (
				4497A2722BDF3150009167EC /* Sources */,
				4497A2732BDF3150009167EC /* Frameworks */,
				4497A2742BDF3150009167EC /* Resources */,
			);
			buildRules = (
			);
			dependencies = (
			);
			name = Doughrise;
			packageProductDependencies = (
				4497A2992BE1AF4A009167EC /* FirebaseFirestore */,
				4497A29B2BE1AF4A009167EC /* FirebaseFirestoreSwift */,
				4497A29D2BE1AF4A009167EC /* FirebaseStorage */,
			);
			productName = Doughrise;
			productReference = 4497A2762BDF3150009167EC /* Doughrise.app */;
			productType = "com.apple.product-type.application";
		};
/* End PBXNativeTarget section */

/* Begin PBXProject section */
		4497A26E2BDF3150009167EC /* Project object */ = {
			isa = PBXProject;
			attributes = {
				BuildIndependentTargetsInParallel = 1;
				LastSwiftUpdateCheck = 1530;
				LastUpgradeCheck = 1530;
				TargetAttributes = {
					4497A2752BDF3150009167EC = {
						CreatedOnToolsVersion = 15.3;
					};
				};
			};
			buildConfigurationList = 4497A2712BDF3150009167EC /* Build configuration list for PBXProject "Doughrise" */;
			compatibilityVersion = "Xcode 14.0";
			developmentRegion = en;
			hasScannedForEncodings = 0;
			knownRegions = (
				en,
				Base,
			);
			mainGroup = 4497A26D2BDF3150009167EC;
			packageReferences = (
				4497A2982BE1AF4A009167EC /* XCRemoteSwiftPackageReference "firebase-ios-sdk" */,
			);
			productRefGroup = 4497A2772BDF3150009167EC /* Products */;
			projectDirPath = "";
			projectRoot = "";
			targets = (
				4497A2752BDF3150009167EC /* Doughrise */,
			);
		};
/* End PBXProject section */

/* Begin PBXResourcesBuildPhase section */
		4497A2742BDF3150009167EC /* Resources */ = {
			isa = PBXResourcesBuildPhase;
			buildActionMask = 2147483647;
			files = (
				4497A28A2BE0AC37009167EC /* Avenir Next.ttc in Resources */,
				4497A2972BE1AE6C009167EC /* GoogleService-Info.plist in Resources */,
				4497A2812BDF3151009167EC /* Preview Assets.xcassets in Resources */,
				4497A27E2BDF3151009167EC /* Assets.xcassets in Resources */,
			);
			runOnlyForDeploymentPostprocessing = 0;
		};
/* End PBXResourcesBuildPhase section */

/* Begin PBXSourcesBuildPhase section */
		4497A2722BDF3150009167EC /* Sources */ = {
			isa = PBXSourcesBuildPhase;
			buildActionMask = 2147483647;
			files = (
				4497A2A62BE1FBB8009167EC /* AddExpenseView.swift in Sources */,
				4497A2A02BE1C362009167EC /* DatabaseManager.swift in Sources */,
				4497A2932BE0FCFE009167EC /* Model.swift in Sources */,
				4497A2882BE07A6D009167EC /* HomeView.swift in Sources */,
				4497A27C2BDF3150009167EC /* ContentView.swift in Sources */,
				4497A2A22BE1CBAE009167EC /* DetailViewViewModel.swift in Sources */,
				4497A2912BE0F4E8009167EC /* CellView.swift in Sources */,
				4497A28D2BE0AFF3009167EC /* FontStyles.swift in Sources */,
				4497A28F2BE0DEC0009167EC /* DetailView.swift in Sources */,
				4497A2A42BE1D6DF009167EC /* ColorDic.swift in Sources */,
				4497A27A2BDF3150009167EC /* DoughriseApp.swift in Sources */,
			);
			runOnlyForDeploymentPostprocessing = 0;
		};
/* End PBXSourcesBuildPhase section */

/* Begin XCBuildConfiguration section */
		4497A2822BDF3151009167EC /* Debug */ = {
			isa = XCBuildConfiguration;
			buildSettings = {
				ALWAYS_SEARCH_USER_PATHS = NO;
				ASSETCATALOG_COMPILER_GENERATE_SWIFT_ASSET_SYMBOL_EXTENSIONS = YES;
				CLANG_ANALYZER_NONNULL = YES;
				CLANG_ANALYZER_NUMBER_OBJECT_CONVERSION = YES_AGGRESSIVE;
				CLANG_CXX_LANGUAGE_STANDARD = "gnu++20";
				CLANG_ENABLE_MODULES = YES;
				CLANG_ENABLE_OBJC_ARC = YES;
				CLANG_ENABLE_OBJC_WEAK = YES;
				CLANG_WARN_BLOCK_CAPTURE_AUTORELEASING = YES;
				CLANG_WARN_BOOL_CONVERSION = YES;
				CLANG_WARN_COMMA = YES;
				CLANG_WARN_CONSTANT_CONVERSION = YES;
				CLANG_WARN_DEPRECATED_OBJC_IMPLEMENTATIONS = YES;
				CLANG_WARN_DIRECT_OBJC_ISA_USAGE = YES_ERROR;
				CLANG_WARN_DOCUMENTATION_COMMENTS = YES;
				CLANG_WARN_EMPTY_BODY = YES;
				CLANG_WARN_ENUM_CONVERSION = YES;
				CLANG_WARN_INFINITE_RECURSION = YES;
				CLANG_WARN_INT_CONVERSION = YES;
				CLANG_WARN_NON_LITERAL_NULL_CONVERSION = YES;
				CLANG_WARN_OBJC_IMPLICIT_RETAIN_SELF = YES;
				CLANG_WARN_OBJC_LITERAL_CONVERSION = YES;
				CLANG_WARN_OBJC_ROOT_CLASS = YES_ERROR;
				CLANG_WARN_QUOTED_INCLUDE_IN_FRAMEWORK_HEADER = YES;
				CLANG_WARN_RANGE_LOOP_ANALYSIS = YES;
				CLANG_WARN_STRICT_PROTOTYPES = YES;
				CLANG_WARN_SUSPICIOUS_MOVE = YES;
				CLANG_WARN_UNGUARDED_AVAILABILITY = YES_AGGRESSIVE;
				CLANG_WARN_UNREACHABLE_CODE = YES;
				CLANG_WARN__DUPLICATE_METHOD_MATCH = YES;
				COPY_PHASE_STRIP = NO;
				DEBUG_INFORMATION_FORMAT = dwarf;
				ENABLE_STRICT_OBJC_MSGSEND = YES;
				ENABLE_TESTABILITY = YES;
				ENABLE_USER_SCRIPT_SANDBOXING = YES;
				GCC_C_LANGUAGE_STANDARD = gnu17;
				GCC_DYNAMIC_NO_PIC = NO;
				GCC_NO_COMMON_BLOCKS = YES;
				GCC_OPTIMIZATION_LEVEL = 0;
				GCC_PREPROCESSOR_DEFINITIONS = (
					"DEBUG=1",
					"$(inherited)",
				);
				GCC_WARN_64_TO_32_BIT_CONVERSION = YES;
				GCC_WARN_ABOUT_RETURN_TYPE = YES_ERROR;
				GCC_WARN_UNDECLARED_SELECTOR = YES;
				GCC_WARN_UNINITIALIZED_AUTOS = YES_AGGRESSIVE;
				GCC_WARN_UNUSED_FUNCTION = YES;
				GCC_WARN_UNUSED_VARIABLE = YES;
				IPHONEOS_DEPLOYMENT_TARGET = 17.4;
				LOCALIZATION_PREFERS_STRING_CATALOGS = YES;
				MTL_ENABLE_DEBUG_INFO = INCLUDE_SOURCE;
				MTL_FAST_MATH = YES;
				ONLY_ACTIVE_ARCH = YES;
				SDKROOT = iphoneos;
				SWIFT_ACTIVE_COMPILATION_CONDITIONS = "DEBUG $(inherited)";
				SWIFT_OPTIMIZATION_LEVEL = "-Onone";
			};
			name = Debug;
		};
		4497A2832BDF3151009167EC /* Release */ = {
			isa = XCBuildConfiguration;
			buildSettings = {
				ALWAYS_SEARCH_USER_PATHS = NO;
				ASSETCATALOG_COMPILER_GENERATE_SWIFT_ASSET_SYMBOL_EXTENSIONS = YES;
				CLANG_ANALYZER_NONNULL = YES;
				CLANG_ANALYZER_NUMBER_OBJECT_CONVERSION = YES_AGGRESSIVE;
				CLANG_CXX_LANGUAGE_STANDARD = "gnu++20";
				CLANG_ENABLE_MODULES = YES;
				CLANG_ENABLE_OBJC_ARC = YES;
				CLANG_ENABLE_OBJC_WEAK = YES;
				CLANG_WARN_BLOCK_CAPTURE_AUTORELEASING = YES;
				CLANG_WARN_BOOL_CONVERSION = YES;
				CLANG_WARN_COMMA = YES;
				CLANG_WARN_CONSTANT_CONVERSION = YES;
				CLANG_WARN_DEPRECATED_OBJC_IMPLEMENTATIONS = YES;
				CLANG_WARN_DIRECT_OBJC_ISA_USAGE = YES_ERROR;
				CLANG_WARN_DOCUMENTATION_COMMENTS = YES;
				CLANG_WARN_EMPTY_BODY = YES;
				CLANG_WARN_ENUM_CONVERSION = YES;
				CLANG_WARN_INFINITE_RECURSION = YES;
				CLANG_WARN_INT_CONVERSION = YES;
				CLANG_WARN_NON_LITERAL_NULL_CONVERSION = YES;
				CLANG_WARN_OBJC_IMPLICIT_RETAIN_SELF = YES;
				CLANG_WARN_OBJC_LITERAL_CONVERSION = YES;
				CLANG_WARN_OBJC_ROOT_CLASS = YES_ERROR;
				CLANG_WARN_QUOTED_INCLUDE_IN_FRAMEWORK_HEADER = YES;
				CLANG_WARN_RANGE_LOOP_ANALYSIS = YES;
				CLANG_WARN_STRICT_PROTOTYPES = YES;
				CLANG_WARN_SUSPICIOUS_MOVE = YES;
				CLANG_WARN_UNGUARDED_AVAILABILITY = YES_AGGRESSIVE;
				CLANG_WARN_UNREACHABLE_CODE = YES;
				CLANG_WARN__DUPLICATE_METHOD_MATCH = YES;
				COPY_PHASE_STRIP = NO;
				DEBUG_INFORMATION_FORMAT = "dwarf-with-dsym";
				ENABLE_NS_ASSERTIONS = NO;
				ENABLE_STRICT_OBJC_MSGSEND = YES;
				ENABLE_USER_SCRIPT_SANDBOXING = YES;
				GCC_C_LANGUAGE_STANDARD = gnu17;
				GCC_NO_COMMON_BLOCKS = YES;
				GCC_WARN_64_TO_32_BIT_CONVERSION = YES;
				GCC_WARN_ABOUT_RETURN_TYPE = YES_ERROR;
				GCC_WARN_UNDECLARED_SELECTOR = YES;
				GCC_WARN_UNINITIALIZED_AUTOS = YES_AGGRESSIVE;
				GCC_WARN_UNUSED_FUNCTION = YES;
				GCC_WARN_UNUSED_VARIABLE = YES;
				IPHONEOS_DEPLOYMENT_TARGET = 17.4;
				LOCALIZATION_PREFERS_STRING_CATALOGS = YES;
				MTL_ENABLE_DEBUG_INFO = NO;
				MTL_FAST_MATH = YES;
				SDKROOT = iphoneos;
				SWIFT_COMPILATION_MODE = wholemodule;
				VALIDATE_PRODUCT = YES;
			};
			name = Release;
		};
		4497A2852BDF3151009167EC /* Debug */ = {
			isa = XCBuildConfiguration;
			buildSettings = {
				ASSETCATALOG_COMPILER_APPICON_NAME = AppIcon;
				ASSETCATALOG_COMPILER_GLOBAL_ACCENT_COLOR_NAME = AccentColor;
				CODE_SIGN_STYLE = Automatic;
				CURRENT_PROJECT_VERSION = 1;
				DEVELOPMENT_ASSET_PATHS = "\"Doughrise/Preview Content\"";
				DEVELOPMENT_TEAM = 356XC3P4M8;
				ENABLE_PREVIEWS = YES;
				GENERATE_INFOPLIST_FILE = YES;
				INFOPLIST_FILE = Doughrise/Info.plist;
				INFOPLIST_KEY_UIApplicationSceneManifest_Generation = YES;
				INFOPLIST_KEY_UIApplicationSupportsIndirectInputEvents = YES;
				INFOPLIST_KEY_UILaunchScreen_Generation = YES;
				INFOPLIST_KEY_UISupportedInterfaceOrientations_iPad = "UIInterfaceOrientationPortrait UIInterfaceOrientationPortraitUpsideDown UIInterfaceOrientationLandscapeLeft UIInterfaceOrientationLandscapeRight";
				INFOPLIST_KEY_UISupportedInterfaceOrientations_iPhone = "UIInterfaceOrientationPortrait UIInterfaceOrientationLandscapeLeft UIInterfaceOrientationLandscapeRight";
				LD_RUNPATH_SEARCH_PATHS = (
					"$(inherited)",
					"@executable_path/Frameworks",
				);
				MARKETING_VERSION = 1.0;
				PRODUCT_BUNDLE_IDENTIFIER = cerf.Doughrise;
				PRODUCT_NAME = "$(TARGET_NAME)";
				SWIFT_EMIT_LOC_STRINGS = YES;
				SWIFT_VERSION = 5.0;
				TARGETED_DEVICE_FAMILY = "1,2";
			};
			name = Debug;
		};
		4497A2862BDF3151009167EC /* Release */ = {
			isa = XCBuildConfiguration;
			buildSettings = {
				ASSETCATALOG_COMPILER_APPICON_NAME = AppIcon;
				ASSETCATALOG_COMPILER_GLOBAL_ACCENT_COLOR_NAME = AccentColor;
				CODE_SIGN_STYLE = Automatic;
				CURRENT_PROJECT_VERSION = 1;
				DEVELOPMENT_ASSET_PATHS = "\"Doughrise/Preview Content\"";
				DEVELOPMENT_TEAM = 356XC3P4M8;
				ENABLE_PREVIEWS = YES;
				GENERATE_INFOPLIST_FILE = YES;
				INFOPLIST_FILE = Doughrise/Info.plist;
				INFOPLIST_KEY_UIApplicationSceneManifest_Generation = YES;
				INFOPLIST_KEY_UIApplicationSupportsIndirectInputEvents = YES;
				INFOPLIST_KEY_UILaunchScreen_Generation = YES;
				INFOPLIST_KEY_UISupportedInterfaceOrientations_iPad = "UIInterfaceOrientationPortrait UIInterfaceOrientationPortraitUpsideDown UIInterfaceOrientationLandscapeLeft UIInterfaceOrientationLandscapeRight";
				INFOPLIST_KEY_UISupportedInterfaceOrientations_iPhone = "UIInterfaceOrientationPortrait UIInterfaceOrientationLandscapeLeft UIInterfaceOrientationLandscapeRight";
				LD_RUNPATH_SEARCH_PATHS = (
					"$(inherited)",
					"@executable_path/Frameworks",
				);
				MARKETING_VERSION = 1.0;
				PRODUCT_BUNDLE_IDENTIFIER = cerf.Doughrise;
				PRODUCT_NAME = "$(TARGET_NAME)";
				SWIFT_EMIT_LOC_STRINGS = YES;
				SWIFT_VERSION = 5.0;
				TARGETED_DEVICE_FAMILY = "1,2";
			};
			name = Release;
		};
/* End XCBuildConfiguration section */

/* Begin XCConfigurationList section */
		4497A2712BDF3150009167EC /* Build configuration list for PBXProject "Doughrise" */ = {
			isa = XCConfigurationList;
			buildConfigurations = (
				4497A2822BDF3151009167EC /* Debug */,
				4497A2832BDF3151009167EC /* Release */,
			);
			defaultConfigurationIsVisible = 0;
			defaultConfigurationName = Release;
		};
		4497A2842BDF3151009167EC /* Build configuration list for PBXNativeTarget "Doughrise" */ = {
			isa = XCConfigurationList;
			buildConfigurations = (
				4497A2852BDF3151009167EC /* Debug */,
				4497A2862BDF3151009167EC /* Release */,
			);
			defaultConfigurationIsVisible = 0;
			defaultConfigurationName = Release;
		};
/* End XCConfigurationList section */

/* Begin XCRemoteSwiftPackageReference section */
		4497A2982BE1AF4A009167EC /* XCRemoteSwiftPackageReference "firebase-ios-sdk" */ = {
			isa = XCRemoteSwiftPackageReference;
			repositoryURL = "https://github.com/firebase/firebase-ios-sdk";
			requirement = {
				kind = upToNextMajorVersion;
				minimumVersion = 10.25.0;
			};
		};
/* End XCRemoteSwiftPackageReference section */

/* Begin XCSwiftPackageProductDependency section */
		4497A2992BE1AF4A009167EC /* FirebaseFirestore */ = {
			isa = XCSwiftPackageProductDependency;
			package = 4497A2982BE1AF4A009167EC /* XCRemoteSwiftPackageReference "firebase-ios-sdk" */;
			productName = FirebaseFirestore;
		};
		4497A29B2BE1AF4A009167EC /* FirebaseFirestoreSwift */ = {
			isa = XCSwiftPackageProductDependency;
			package = 4497A2982BE1AF4A009167EC /* XCRemoteSwiftPackageReference "firebase-ios-sdk" */;
			productName = FirebaseFirestoreSwift;
		};
		4497A29D2BE1AF4A009167EC /* FirebaseStorage */ = {
			isa = XCSwiftPackageProductDependency;
			package = 4497A2982BE1AF4A009167EC /* XCRemoteSwiftPackageReference "firebase-ios-sdk" */;
			productName = FirebaseStorage;
		};
/* End XCSwiftPackageProductDependency section */
	};
	rootObject = 4497A26E2BDF3150009167EC /* Project object */;
}
